
Microsoft Visual Studio Solution File, Format Version 12.00
# Visual Studio Version 16
VisualStudioVersion = 16.0.30907.101
MinimumVisualStudioVersion = 10.0.40219.1
Project("{FAE04EC0-301F-11D3-BF4B-00C04F79EFBC}") = "SpartaRemixStudio2022", "SpartaRemixStudio2022\SpartaRemixStudio2022.csproj", "{7777D1FD-C651-4B5D-9F36-2CF75C626A18}"
EndProject
Global
	GlobalSection(SolutionConfigurationPlatforms) = preSolution
		Debug|Any CPU = Debug|Any CPU
		Release|Any CPU = Release|Any CPU
	EndGlobalSection
	GlobalSection(ProjectConfigurationPlatforms) = postSolution
		{7777D1FD-C651-4B5D-9F36-2CF75C626A18}.Debug|Any CPU.ActiveCfg = Debug|Any CPU
		{7777D1FD-C651-4B5D-9F36-2CF75C626A18}.Debug|Any CPU.Build.0 = Debug|Any CPU
		{7777D1FD-C651-4B5D-9F36-2CF75C626A18}.Release|Any CPU.ActiveCfg = Release|Any CPU
		{7777D1FD-C651-4B5D-9F36-2CF75C626A18}.Release|Any CPU.Build.0 = Release|Any CPU
	EndGlobalSection
	GlobalSection(SolutionProperties) = preSolution
		HideSolutionNode = FALSE
	EndGlobalSection
	GlobalSection(ExtensibilityGlobals) = postSolution
		SolutionGuid = {0B5217E4-3559-4D3A-A2AB-A2E7A72D73AF}
	EndGlobalSection
EndGlobal
